specVersion: 0.0.2
description: Nightmare Timelock contract
repository: https://github.com/nightmare
schema:
  file: ./timelock.graphql
dataSources:
  - kind: ethereum/contract
    name: Timelock
    network: mumbai
    source:
      address: '0x75aDb6117104f3F85662Be9318183629649960CB'
      abi: Timelock
      startBlock: 704262
    mapping:
      kind: ethereum/events
      apiVersion: 0.0.4
      language: wasm/assemblyscript
      file: ../src/timelock/index.ts
      entities:
        - Timelock
      abis:
        - name: Timelock
          file: ../abis/Timelock.json
      eventHandlers:
        - event: CancelTransaction(indexed bytes32,indexed address,uint256,string,bytes,uint256)
          handler: handleCanceledTransaction
        - event: ExecuteTransaction(indexed bytes32,indexed address,uint256,string,bytes,uint256)
          handler: handleExecutedTransaction
        - event: QueueTransaction(indexed bytes32,indexed address,uint256,string,bytes,uint256)
          handler: handleQueuedTransaction
